
Microsoft Visual Studio Solution File, Format Version 12.00
# Visual Studio Version 17
VisualStudioVersion = 17.12.35506.116
MinimumVisualStudioVersion = 10.0.40219.1
Project("{2150E333-8FDC-42A3-9474-1A3956D46DE8}") = "Apps", "Apps", "{ED0F0C35-637E-47FA-A17C-38A9E8F65C8E}"
EndProject
Project("{2150E333-8FDC-42A3-9474-1A3956D46DE8}") = "Core", "Core", "{DBF194DB-34E8-4707-8003-B1E9B0C0B505}"
EndProject
Project("{FAE04EC0-301F-11D3-BF4B-00C04F79EFBC}") = "BlogArray.SaaS.App", "src\Apps\BlogArray.SaaS.App\BlogArray.SaaS.App.csproj", "{D1D8D9C0-9730-46EF-9858-E2C4252FCD64}"
EndProject
Project("{FAE04EC0-301F-11D3-BF4B-00C04F79EFBC}") = "BlogArray.SaaS.TenantStore", "src\Core\BlogArray.SaaS.TenantStore\BlogArray.SaaS.TenantStore.csproj", "{07601315-C281-4668-B944-5CBD3413601C}"
EndProject
Project("{FAE04EC0-301F-11D3-BF4B-00C04F79EFBC}") = "BlogArray.SaaS.OpenId", "src\Core\BlogArray.SaaS.OpenId\BlogArray.SaaS.OpenId.csproj", "{41202FD6-2BC0-49A6-A547-A6836A4F3C44}"
EndProject
Project("{FAE04EC0-301F-11D3-BF4B-00C04F79EFBC}") = "BlogArray.SaaS.Identity", "src\Apps\BlogArray.SaaS.Identity\BlogArray.SaaS.Identity.csproj", "{D059B1E9-4BBD-4AA2-94DD-0E655C8DFB6A}"
EndProject
Project("{FAE04EC0-301F-11D3-BF4B-00C04F79EFBC}") = "BlogArray.SaaS.Mvc", "src\Core\BlogArray.SaaS.Mvc\BlogArray.SaaS.Mvc.csproj", "{A1FB2A04-E28C-4F1A-BA30-2CE628EF9D50}"
EndProject
Project("{FAE04EC0-301F-11D3-BF4B-00C04F79EFBC}") = "BlogArray.SaaS.Resources", "src\Core\BlogArray.SaaS.Resources\BlogArray.SaaS.Resources.csproj", "{3943ACBE-B3C9-4E5B-8DB0-335CB74B36AE}"
EndProject
Project("{FAE04EC0-301F-11D3-BF4B-00C04F79EFBC}") = "BlogArray.SaaS.TenantSuite", "src\Apps\BlogArray.SaaS.TenantSuite\BlogArray.SaaS.TenantSuite.csproj", "{22A39703-D615-4977-9D5B-A0B6C8910D54}"
EndProject
Project("{FAE04EC0-301F-11D3-BF4B-00C04F79EFBC}") = "BlogArray.SaaS.Middleware", "src\Core\BlogArray.SaaS.Middleware\BlogArray.SaaS.Middleware.csproj", "{B7FDAB4F-63CF-45EC-86F7-C2E706557A0F}"
EndProject
Global
	GlobalSection(SolutionConfigurationPlatforms) = preSolution
		Debug|Any CPU = Debug|Any CPU
		Release|Any CPU = Release|Any CPU
	EndGlobalSection
	GlobalSection(ProjectConfigurationPlatforms) = postSolution
		{D1D8D9C0-9730-46EF-9858-E2C4252FCD64}.Debug|Any CPU.ActiveCfg = Debug|Any CPU
		{D1D8D9C0-9730-46EF-9858-E2C4252FCD64}.Debug|Any CPU.Build.0 = Debug|Any CPU
		{D1D8D9C0-9730-46EF-9858-E2C4252FCD64}.Release|Any CPU.ActiveCfg = Release|Any CPU
		{D1D8D9C0-9730-46EF-9858-E2C4252FCD64}.Release|Any CPU.Build.0 = Release|Any CPU
		{07601315-C281-4668-B944-5CBD3413601C}.Debug|Any CPU.ActiveCfg = Debug|Any CPU
		{07601315-C281-4668-B944-5CBD3413601C}.Debug|Any CPU.Build.0 = Debug|Any CPU
		{07601315-C281-4668-B944-5CBD3413601C}.Release|Any CPU.ActiveCfg = Release|Any CPU
		{07601315-C281-4668-B944-5CBD3413601C}.Release|Any CPU.Build.0 = Release|Any CPU
		{41202FD6-2BC0-49A6-A547-A6836A4F3C44}.Debug|Any CPU.ActiveCfg = Debug|Any CPU
		{41202FD6-2BC0-49A6-A547-A6836A4F3C44}.Debug|Any CPU.Build.0 = Debug|Any CPU
		{41202FD6-2BC0-49A6-A547-A6836A4F3C44}.Release|Any CPU.ActiveCfg = Release|Any CPU
		{41202FD6-2BC0-49A6-A547-A6836A4F3C44}.Release|Any CPU.Build.0 = Release|Any CPU
		{D059B1E9-4BBD-4AA2-94DD-0E655C8DFB6A}.Debug|Any CPU.ActiveCfg = Debug|Any CPU
		{D059B1E9-4BBD-4AA2-94DD-0E655C8DFB6A}.Debug|Any CPU.Build.0 = Debug|Any CPU
		{D059B1E9-4BBD-4AA2-94DD-0E655C8DFB6A}.Release|Any CPU.ActiveCfg = Release|Any CPU
		{D059B1E9-4BBD-4AA2-94DD-0E655C8DFB6A}.Release|Any CPU.Build.0 = Release|Any CPU
		{A1FB2A04-E28C-4F1A-BA30-2CE628EF9D50}.Debug|Any CPU.ActiveCfg = Debug|Any CPU
		{A1FB2A04-E28C-4F1A-BA30-2CE628EF9D50}.Debug|Any CPU.Build.0 = Debug|Any CPU
		{A1FB2A04-E28C-4F1A-BA30-2CE628EF9D50}.Release|Any CPU.ActiveCfg = Release|Any CPU
		{A1FB2A04-E28C-4F1A-BA30-2CE628EF9D50}.Release|Any CPU.Build.0 = Release|Any CPU
		{3943ACBE-B3C9-4E5B-8DB0-335CB74B36AE}.Debug|Any CPU.ActiveCfg = Debug|Any CPU
		{3943ACBE-B3C9-4E5B-8DB0-335CB74B36AE}.Debug|Any CPU.Build.0 = Debug|Any CPU
		{3943ACBE-B3C9-4E5B-8DB0-335CB74B36AE}.Release|Any CPU.ActiveCfg = Release|Any CPU
		{3943ACBE-B3C9-4E5B-8DB0-335CB74B36AE}.Release|Any CPU.Build.0 = Release|Any CPU
		{22A39703-D615-4977-9D5B-A0B6C8910D54}.Debug|Any CPU.ActiveCfg = Debug|Any CPU
		{22A39703-D615-4977-9D5B-A0B6C8910D54}.Debug|Any CPU.Build.0 = Debug|Any CPU
		{22A39703-D615-4977-9D5B-A0B6C8910D54}.Release|Any CPU.ActiveCfg = Release|Any CPU
		{22A39703-D615-4977-9D5B-A0B6C8910D54}.Release|Any CPU.Build.0 = Release|Any CPU
		{B7FDAB4F-63CF-45EC-86F7-C2E706557A0F}.Debug|Any CPU.ActiveCfg = Debug|Any CPU
		{B7FDAB4F-63CF-45EC-86F7-C2E706557A0F}.Debug|Any CPU.Build.0 = Debug|Any CPU
		{B7FDAB4F-63CF-45EC-86F7-C2E706557A0F}.Release|Any CPU.ActiveCfg = Release|Any CPU
		{B7FDAB4F-63CF-45EC-86F7-C2E706557A0F}.Release|Any CPU.Build.0 = Release|Any CPU
	EndGlobalSection
	GlobalSection(SolutionProperties) = preSolution
		HideSolutionNode = FALSE
	EndGlobalSection
	GlobalSection(NestedProjects) = preSolution
		{D1D8D9C0-9730-46EF-9858-E2C4252FCD64} = {ED0F0C35-637E-47FA-A17C-38A9E8F65C8E}
		{07601315-C281-4668-B944-5CBD3413601C} = {DBF194DB-34E8-4707-8003-B1E9B0C0B505}
		{41202FD6-2BC0-49A6-A547-A6836A4F3C44} = {DBF194DB-34E8-4707-8003-B1E9B0C0B505}
		{D059B1E9-4BBD-4AA2-94DD-0E655C8DFB6A} = {ED0F0C35-637E-47FA-A17C-38A9E8F65C8E}
		{A1FB2A04-E28C-4F1A-BA30-2CE628EF9D50} = {DBF194DB-34E8-4707-8003-B1E9B0C0B505}
		{3943ACBE-B3C9-4E5B-8DB0-335CB74B36AE} = {DBF194DB-34E8-4707-8003-B1E9B0C0B505}
		{22A39703-D615-4977-9D5B-A0B6C8910D54} = {ED0F0C35-637E-47FA-A17C-38A9E8F65C8E}
		{B7FDAB4F-63CF-45EC-86F7-C2E706557A0F} = {DBF194DB-34E8-4707-8003-B1E9B0C0B505}
	EndGlobalSection
EndGlobal
